github.com/danaugrs/go-tsne/tsne v0.0.0-20220306155740-2250969e057f h1:5M3/cWnsF9o5+7/PkKJXtZ0i5XZDnoxBzI8531mXJUM=
github.com/danaugrs/go-tsne/tsne v0.0.0-20220306155740-2250969e057f/go.mod h1:vQ+nFRPFDrDVbRneDNbXPObFFq4ZilZBhYdfNiqSr7k=
github.com/davecgh/go-spew v1.1.1 h1:vj9j/u1bqnvCEfJOwUhtlOARqs3+rkHYY13jYWTU97c=
github.com/go-echarts/go-echarts/v2 v2.3.2 h1:imRxqF5sLtEPBsv5HGwz9KklNuwCo0fTITZ31mrgfzo=
github.com/go-echarts/go-echarts/v2 v2.3.2/go.mod h1:56YlvzhW/a+du15f3S2qUGNDfKnFOeJSThBIrVFHDtI=
github.com/lucasb-eyer/go-colorful v1.2.0 h1:1nnpGOrhyZZuNyfu1QjKiUICQ74+3FNCN69Aj6K7nkY=
github.com/lucasb-eyer/go-colorful v1.2.0/go.mod h1:R4dSotOR9KMtayYi1e77YzuveK+i7ruzyGqttikkLy0=
github.com/mazznoer/colorgrad v0.9.1 h1:MB80JYVndKWSMEM1beNqnuOowWGhoQc3DXWXkFp6JlM=
github.com/mazznoer/colorgrad v0.9.1/go.mod h1:WX2R9wt9B47+txJZVVpM9LY+LAGIdi4lTI5wIyreDH4=
github.com/mazznoer/csscolorparser v0.1.2 h1:/UBHuQg792ePmGFzTQAC9u+XbFr7/HzP/Gj70Phyz2A=
github.com/mazznoer/csscolorparser v0.1.2/go.mod h1:Aj22+L/rYN/Y6bj3bYqO3N6g1dtdHtGfQ32xZ5PJQic=
github.com/pmezard/go-difflib v1.0.0 h1:4DBwDE0NGyQoBHbLQYPwSUPoCMWR5BEzIk/f1lZbAQM=
github.com/stretchr/testify v1.6.0 h1:jlIyCplCJFULU/01vCkhKuTyc3OorI3bJFuw6obfgho=
golang.org/x/exp v0.0.0-20230321023759-10a507213a29 h1:ooxPy7fPvB4kwsA2h+iBNHkAbp/4JxTSwCmvdjEYmug=
gonum.org/v1/gonum v0.14.0 h1:2NiG67LD1tEH0D7kM+ps2V+fXmsAnpUeec7n8tcr4S0=
gonum.org/v1/gonum v0.14.0/go.mod h1:AoWeoz0becf9QMWtE8iWXNXc27fK4fNeHNf/oMejGfU=
gopkg.in/yaml.v3 v3.0.0 h1:hjy8E9ON/egN1tAYqKb61G10WtihqetD4sz2H+8nIeA=
